
Microsoft Visual Studio Solution File, Format Version 12.00
# Visual Studio Version 16
VisualStudioVersion = 16.0.30711.63
MinimumVisualStudioVersion = 10.0.40219.1
Project("{9A19103F-16F7-4668-BE54-9A1E7A4F7556}") = "MyFirstBlazorApp", "MyFirstBlazorApp\MyFirstBlazorApp.csproj", "{D6DBAD76-8605-4030-8533-BA351DFFAAB8}"
EndProject
Project("{9A19103F-16F7-4668-BE54-9A1E7A4F7556}") = "eShop.CoreBusiness", "eShop.CoreBusiness\eShop.CoreBusiness.csproj", "{6ACB0E38-0171-423E-80D0-E88DAA1AF3E1}"
EndProject
Project("{9A19103F-16F7-4668-BE54-9A1E7A4F7556}") = "eShop.UseCases", "eShop.UseCases\eShop.UseCases.csproj", "{EA8837B1-4E59-4061-984C-63776DF8039C}"
EndProject
Project("{9A19103F-16F7-4668-BE54-9A1E7A4F7556}") = "eShop.DataStore.HardCoded", "eShop.DataStore.HardCoded\eShop.DataStore.HardCoded.csproj", "{AF74B1E7-B88B-4BD5-8B34-4709D5ABFF68}"
EndProject
Global
	GlobalSection(SolutionConfigurationPlatforms) = preSolution
		Debug|Any CPU = Debug|Any CPU
		Release|Any CPU = Release|Any CPU
	EndGlobalSection
	GlobalSection(ProjectConfigurationPlatforms) = postSolution
		{D6DBAD76-8605-4030-8533-BA351DFFAAB8}.Debug|Any CPU.ActiveCfg = Debug|Any CPU
		{D6DBAD76-8605-4030-8533-BA351DFFAAB8}.Debug|Any CPU.Build.0 = Debug|Any CPU
		{D6DBAD76-8605-4030-8533-BA351DFFAAB8}.Release|Any CPU.ActiveCfg = Release|Any CPU
		{D6DBAD76-8605-4030-8533-BA351DFFAAB8}.Release|Any CPU.Build.0 = Release|Any CPU
		{6ACB0E38-0171-423E-80D0-E88DAA1AF3E1}.Debug|Any CPU.ActiveCfg = Debug|Any CPU
		{6ACB0E38-0171-423E-80D0-E88DAA1AF3E1}.Debug|Any CPU.Build.0 = Debug|Any CPU
		{6ACB0E38-0171-423E-80D0-E88DAA1AF3E1}.Release|Any CPU.ActiveCfg = Release|Any CPU
		{6ACB0E38-0171-423E-80D0-E88DAA1AF3E1}.Release|Any CPU.Build.0 = Release|Any CPU
		{EA8837B1-4E59-4061-984C-63776DF8039C}.Debug|Any CPU.ActiveCfg = Debug|Any CPU
		{EA8837B1-4E59-4061-984C-63776DF8039C}.Debug|Any CPU.Build.0 = Debug|Any CPU
		{EA8837B1-4E59-4061-984C-63776DF8039C}.Release|Any CPU.ActiveCfg = Release|Any CPU
		{EA8837B1-4E59-4061-984C-63776DF8039C}.Release|Any CPU.Build.0 = Release|Any CPU
		{AF74B1E7-B88B-4BD5-8B34-4709D5ABFF68}.Debug|Any CPU.ActiveCfg = Debug|Any CPU
		{AF74B1E7-B88B-4BD5-8B34-4709D5ABFF68}.Debug|Any CPU.Build.0 = Debug|Any CPU
		{AF74B1E7-B88B-4BD5-8B34-4709D5ABFF68}.Release|Any CPU.ActiveCfg = Release|Any CPU
		{AF74B1E7-B88B-4BD5-8B34-4709D5ABFF68}.Release|Any CPU.Build.0 = Release|Any CPU
	EndGlobalSection
	GlobalSection(SolutionProperties) = preSolution
		HideSolutionNode = FALSE
	EndGlobalSection
	GlobalSection(ExtensibilityGlobals) = postSolution
		SolutionGuid = {082F124C-E5CA-4A6B-B67A-5867066C5A35}
	EndGlobalSection
EndGlobal
